# This file is automatically @generated by Poetry 1.7.1 and should not be changed by hand.

[[package]]
name = "anyio"
version = "4.4.0"
description = "High level compatibility layer for multiple asynchronous event loop implementations"
optional = false
python-versions = ">=3.8"
files = [
    {file = "anyio-4.4.0-py3-none-any.whl", hash = "sha256:c1b2d8f46a8a812513012e1107cb0e68c17159a7a594208005a57dc776e1bdc7"},
    {file = "anyio-4.4.0.tar.gz", hash = "sha256:5aadc6a1bbb7cdb0bede386cac5e2940f5e2ff3aa20277e991cf028e0585ce94"},
]

[package.dependencies]
exceptiongroup = {version = ">=1.0.2", markers = "python_version < \"3.11\""}
idna = ">=2.8"
sniffio = ">=1.1"
typing-extensions = {version = ">=4.1", markers = "python_version < \"3.11\""}

[package.extras]
doc = ["Sphinx (>=7)", "packaging", "sphinx-autodoc-typehints (>=1.2.0)", "sphinx-rtd-theme"]
test = ["anyio[trio]", "coverage[toml] (>=7)", "exceptiongroup (>=1.2.0)", "hypothesis (>=4.0)", "psutil (>=5.9)", "pytest (>=7.0)", "pytest-mock (>=3.6.1)", "trustme", "uvloop (>=0.17)"]
trio = ["trio (>=0.23)"]

[[package]]
name = "certifi"
version = "2024.7.4"
description = "Python package for providing Mozilla's CA Bundle."
optional = false
python-versions = ">=3.6"
files = [
    {file = "certifi-2024.7.4-py3-none-any.whl", hash = "sha256:c198e21b1289c2ab85ee4e67bb4b4ef3ead0892059901a8d5b622f24a1101e90"},
    {file = "certifi-2024.7.4.tar.gz", hash = "sha256:5a1e7645bc0ec61a09e26c36f6106dd4cf40c6db3a1fb6352b0244e7fb057c7b"},
]

[[package]]
name = "colorama"
version = "0.4.6"
description = "Cross-platform colored terminal text."
optional = false
python-versions = "!=3.0.*,!=3.1.*,!=3.2.*,!=3.3.*,!=3.4.*,!=3.5.*,!=3.6.*,>=2.7"
files = [
    {file = "colorama-0.4.6-py2.py3-none-any.whl", hash = "sha256:4f1d9991f5acc0ca119f9d443620b77f9d6b33703e51011c16baf57afb285fc6"},
    {file = "colorama-0.4.6.tar.gz", hash = "sha256:08695f5cb7ed6e0531a20572697297273c47b8cae5a63ffc6d6ed5c201be6e44"},
]

[[package]]
name = "exceptiongroup"
version = "1.2.2"
description = "Backport of PEP 654 (exception groups)"
optional = false
python-versions = ">=3.7"
files = [
    {file = "exceptiongroup-1.2.2-py3-none-any.whl", hash = "sha256:3111b9d131c238bec2f8f516e123e14ba243563fb135d3fe885990585aa7795b"},
    {file = "exceptiongroup-1.2.2.tar.gz", hash = "sha256:47c2edf7c6738fafb49fd34290706d1a1a2f4d1c6df275526b62cbb4aa5393cc"},
]

[package.extras]
test = ["pytest (>=6)"]

[[package]]
name = "h11"
version = "0.14.0"
description = "A pure-Python, bring-your-own-I/O implementation of HTTP/1.1"
optional = false
python-versions = ">=3.7"
files = [
    {file = "h11-0.14.0-py3-none-any.whl", hash = "sha256:e3fe4ac4b851c468cc8363d500db52c2ead036020723024a109d37346efaa761"},
    {file = "h11-0.14.0.tar.gz", hash = "sha256:8f19fbbe99e72420ff35c00b27a34cb9937e902a8b810e2c88300c6f0a3b699d"},
]

[[package]]
name = "httpcore"
version = "1.0.5"
description = "A minimal low-level HTTP client."
optional = false
python-versions = ">=3.8"
files = [
    {file = "httpcore-1.0.5-py3-none-any.whl", hash = "sha256:421f18bac248b25d310f3cacd198d55b8e6125c107797b609ff9b7a6ba7991b5"},
    {file = "httpcore-1.0.5.tar.gz", hash = "sha256:34a38e2f9291467ee3b44e89dd52615370e152954ba21721378a87b2960f7a61"},
]

[package.dependencies]
certifi = "*"
h11 = ">=0.13,<0.15"

[package.extras]
asyncio = ["anyio (>=4.0,<5.0)"]
http2 = ["h2 (>=3,<5)"]
socks = ["socksio (==1.*)"]
trio = ["trio (>=0.22.0,<0.26.0)"]

[[package]]
name = "httpx"
version = "0.27.0"
description = "The next generation HTTP client."
optional = false
python-versions = ">=3.8"
files = [
    {file = "httpx-0.27.0-py3-none-any.whl", hash = "sha256:71d5465162c13681bff01ad59b2cc68dd838ea1f10e51574bac27103f00c91a5"},
    {file = "httpx-0.27.0.tar.gz", hash = "sha256:a0cb88a46f32dc874e04ee956e4c2764aba2aa228f650b06788ba6bda2962ab5"},
]

[package.dependencies]
anyio = "*"
certifi = "*"
httpcore = "==1.*"
idna = "*"
sniffio = "*"

[package.extras]
brotli = ["brotli", "brotlicffi"]
cli = ["click (==8.*)", "pygments (==2.*)", "rich (>=10,<14)"]
http2 = ["h2 (>=3,<5)"]
socks = ["socksio (==1.*)"]

[[package]]
name = "idna"
version = "3.7"
description = "Internationalized Domain Names in Applications (IDNA)"
optional = false
python-versions = ">=3.5"
files = [
    {file = "idna-3.7-py3-none-any.whl", hash = "sha256:82fee1fc78add43492d3a1898bfa6d8a904cc97d8427f683ed8e798d07761aa0"},
    {file = "idna-3.7.tar.gz", hash = "sha256:028ff3aadf0609c1fd278d8ea3089299412a7a8b9bd005dd08b9f8285bcb5cfc"},
]

[[package]]
name = "iniconfig"
version = "2.0.0"
description = "brain-dead simple config-ini parsing"
optional = false
python-versions = ">=3.7"
files = [
    {file = "iniconfig-2.0.0-py3-none-any.whl", hash = "sha256:b6a85871a79d2e3b22d2d1b94ac2824226a63c6b741c88f7ae975f18b6778374"},
    {file = "iniconfig-2.0.0.tar.gz", hash = "sha256:2d91e135bf72d31a410b17c16da610a82cb55f6b0477d1a902134b24a455b8b3"},
]

[[package]]
name = "packaging"
version = "24.1"
description = "Core utilities for Python packages"
optional = false
python-versions = ">=3.8"
files = [
    {file = "packaging-24.1-py3-none-any.whl", hash = "sha256:5b8f2217dbdbd2f7f384c41c628544e6d52f2d0f53c6d0c3ea61aa5d1d7ff124"},
    {file = "packaging-24.1.tar.gz", hash = "sha256:026ed72c8ed3fcce5bf8950572258698927fd1dbda10a5e981cdf0ac37f4f002"},
]

[[package]]
name = "pluggy"
version = "1.5.0"
description = "plugin and hook calling mechanisms for python"
optional = false
python-versions = ">=3.8"
files = [
    {file = "pluggy-1.5.0-py3-none-any.whl", hash = "sha256:44e1ad92c8ca002de6377e165f3e0f1be63266ab4d554740532335b9d75ea669"},
    {file = "pluggy-1.5.0.tar.gz", hash = "sha256:2cffa88e94fdc978c4c574f15f9e59b7f4201d439195c3715ca9e2486f1d0cf1"},
]

[package.extras]
dev = ["pre-commit", "tox"]
testing = ["pytest", "pytest-benchmark"]

[[package]]
name = "pyinstrument"
version = "4.6.2"
description = "Call stack profiler for Python. Shows you why your code is slow!"
optional = false
python-versions = ">=3.7"
files = [
    {file = "pyinstrument-4.6.2-cp310-cp310-macosx_10_9_universal2.whl", hash = "sha256:7a1b1cd768ea7ea9ab6f5490f7e74431321bcc463e9441dbc2f769617252d9e2"},
    {file = "pyinstrument-4.6.2-cp310-cp310-macosx_10_9_x86_64.whl", hash = "sha256:8a386b9d09d167451fb2111eaf86aabf6e094fed42c15f62ec51d6980bce7d96"},
    {file = "pyinstrument-4.6.2-cp310-cp310-manylinux_2_17_aarch64.manylinux2014_aarch64.whl", hash = "sha256:23c3e3ca8553b9aac09bd978c73d21b9032c707ac6d803bae6a20ecc048df4a8"},
    {file = "pyinstrument-4.6.2-cp310-cp310-manylinux_2_5_i686.manylinux1_i686.manylinux_2_17_i686.manylinux2014_i686.whl", hash = "sha256:5f329f5534ca069420246f5ce57270d975229bcb92a3a3fd6b2ca086527d9764"},
    {file = "pyinstrument-4.6.2-cp310-cp310-manylinux_2_5_x86_64.manylinux1_x86_64.manylinux_2_17_x86_64.manylinux2014_x86_64.whl", hash = "sha256:d4dcdcc7ba224a0c5edfbd00b0f530f5aed2b26da5aaa2f9af5519d4aa8c7e41"},
    {file = "pyinstrument-4.6.2-cp310-cp310-musllinux_1_1_aarch64.whl", hash = "sha256:73db0c2c99119c65b075feee76e903b4ed82e59440fe8b5724acf5c7cb24721f"},
    {file = "pyinstrument-4.6.2-cp310-cp310-musllinux_1_1_i686.whl", hash = "sha256:da58f265326f3cf3975366ccb8b39014f1e69ff8327958a089858d71c633d654"},
    {file = "pyinstrument-4.6.2-cp310-cp310-musllinux_1_1_x86_64.whl", hash = "sha256:feebcf860f955401df30d029ec8de7a0c5515d24ea809736430fd1219686fe14"},
    {file = "pyinstrument-4.6.2-cp310-cp310-win32.whl", hash = "sha256:b2b66ff0b16c8ecf1ec22de001cfff46872b2c163c62429055105564eef50b2e"},
    {file = "pyinstrument-4.6.2-cp310-cp310-win_amd64.whl", hash = "sha256:8d104b7a7899d5fa4c5bf1ceb0c1a070615a72c5dc17bc321b612467ad5c5d88"},
    {file = "pyinstrument-4.6.2-cp311-cp311-macosx_10_9_universal2.whl", hash = "sha256:62f6014d2b928b181a52483e7c7b82f2c27e22c577417d1681153e5518f03317"},
    {file = "pyinstrument-4.6.2-cp311-cp311-macosx_10_9_x86_64.whl", hash = "sha256:dcb5c8d763c5df55131670ba2a01a8aebd0d490a789904a55eb6a8b8d497f110"},
    {file = "pyinstrument-4.6.2-cp311-cp311-manylinux_2_17_aarch64.manylinux2014_aarch64.whl", hash = "sha256:6ed4e8c6c84e0e6429ba7008a66e435ede2d8cb027794c20923c55669d9c5633"},
    {file = "pyinstrument-4.6.2-cp311-cp311-manylinux_2_5_i686.manylinux1_i686.manylinux_2_17_i686.manylinux2014_i686.whl", hash = "sha256:6c0f0e1d8f8c70faa90ff57f78ac0dda774b52ea0bfb2d9f0f41ce6f3e7c869e"},
    {file = "pyinstrument-4.6.2-cp311-cp311-manylinux_2_5_x86_64.manylinux1_x86_64.manylinux_2_17_x86_64.manylinux2014_x86_64.whl", hash = "sha256:8b3c44cb037ad0d6e9d9a48c14d856254ada641fbd0ae9de40da045fc2226a2a"},
    {file = "pyinstrument-4.6.2-cp311-cp311-musllinux_1_1_aarch64.whl", hash = "sha256:be9901f17ac2f527c352f2fdca3d717c1d7f2ce8a70bad5a490fc8cc5d2a6007"},
    {file = "pyinstrument-4.6.2-cp311-cp311-musllinux_1_1_i686.whl", hash = "sha256:8a9791bf8916c1cf439c202fded32de93354b0f57328f303d71950b0027c7811"},
    {file = "pyinstrument-4.6.2-cp311-cp311-musllinux_1_1_x86_64.whl", hash = "sha256:d6162615e783c59e36f2d7caf903a7e3ecb6b32d4a4ae8907f2760b2ef395bf6"},
    {file = "pyinstrument-4.6.2-cp311-cp311-win32.whl", hash = "sha256:28af084aa84bbfd3620ebe71d5f9a0deca4451267f363738ca824f733de55056"},
    {file = "pyinstrument-4.6.2-cp311-cp311-win_amd64.whl", hash = "sha256:dd6007d3c2e318e09e582435dd8d111cccf30d342af66886b783208813caf3d7"},
    {file = "pyinstrument-4.6.2-cp312-cp312-macosx_10_9_universal2.whl", hash = "sha256:e3813c8ecfab9d7d855c5f0f71f11793cf1507f40401aa33575c7fd613577c23"},
    {file = "pyinstrument-4.6.2-cp312-cp312-macosx_10_9_x86_64.whl", hash = "sha256:6c761372945e60fc1396b7a49f30592e8474e70a558f1a87346d27c8c4ce50f7"},
    {file = "pyinstrument-4.6.2-cp312-cp312-manylinux_2_17_aarch64.manylinux2014_aarch64.whl", hash = "sha256:4fba3244e94c117bf4d9b30b8852bbdcd510e7329fdd5c7c8b3799e00a9215a8"},
    {file = "pyinstrument-4.6.2-cp312-cp312-manylinux_2_5_i686.manylinux1_i686.manylinux_2_17_i686.manylinux2014_i686.whl", hash = "sha256:803ac64e526473d64283f504df3b0d5c2c203ea9603cab428641538ffdc753a7"},
    {file = "pyinstrument-4.6.2-cp312-cp312-manylinux_2_5_x86_64.manylinux1_x86_64.manylinux_2_17_x86_64.manylinux2014_x86_64.whl", hash = "sha256:e2e554b1bb0df78f5ce8a92df75b664912ca93aa94208386102af454ec31b647"},
    {file = "pyinstrument-4.6.2-cp312-cp312-musllinux_1_1_aarch64.whl", hash = "sha256:7c671057fad22ee3ded897a6a361204ea2538e44c1233cad0e8e30f6d27f33db"},
    {file = "pyinstrument-4.6.2-cp312-cp312-musllinux_1_1_i686.whl", hash = "sha256:d02f31fa13a9e8dc702a113878419deba859563a32474c9f68e04619d43d6f01"},
    {file = "pyinstrument-4.6.2-cp312-cp312-musllinux_1_1_x86_64.whl", hash = "sha256:b55983a884f083f93f0fc6d12ff8df0acd1e2fb0580d2f4c7bfe6def33a84b58"},
    {file = "pyinstrument-4.6.2-cp312-cp312-win32.whl", hash = "sha256:fdc0a53b27e5d8e47147489c7dab596ddd1756b1e053217ef5bc6718567099ff"},
    {file = "pyinstrument-4.6.2-cp312-cp312-win_amd64.whl", hash = "sha256:dd5c53a0159126b5ce7cbc4994433c9c671e057c85297ff32645166a06ad2c50"},
    {file = "pyinstrument-4.6.2-cp37-cp37m-macosx_10_9_x86_64.whl", hash = "sha256:b082df0bbf71251a7f4880a12ed28421dba84ea7110bb376e0533067a4eaff40"},
    {file = "pyinstrument-4.6.2-cp37-cp37m-manylinux_2_17_aarch64.manylinux2014_aarch64.whl", hash = "sha256:90350533396071cb2543affe01e40bf534c35cb0d4b8fa9fdb0f052f9ca2cfe3"},
    {file = "pyinstrument-4.6.2-cp37-cp37m-manylinux_2_5_i686.manylinux1_i686.manylinux_2_17_i686.manylinux2014_i686.whl", hash = "sha256:67268bb0d579330cff40fd1c90b8510363ca1a0e7204225840614068658dab77"},
    {file = "pyinstrument-4.6.2-cp37-cp37m-manylinux_2_5_x86_64.manylinux1_x86_64.manylinux_2_17_x86_64.manylinux2014_x86_64.whl", hash = "sha256:20e15b4e1d29ba0b7fc81aac50351e0dc0d7e911e93771ebc3f408e864a2c93b"},
    {file = "pyinstrument-4.6.2-cp37-cp37m-musllinux_1_1_aarch64.whl", hash = "sha256:2e625fc6ffcd4fd420493edd8276179c3f784df207bef4c2192725c1b310534c"},
    {file = "pyinstrument-4.6.2-cp37-cp37m-musllinux_1_1_i686.whl", hash = "sha256:113d2fc534c9ca7b6b5661d6ada05515bf318f6eb34e8d05860fe49eb7cfe17e"},
    {file = "pyinstrument-4.6.2-cp37-cp37m-musllinux_1_1_x86_64.whl", hash = "sha256:3098cd72b71a322a72dafeb4ba5c566465e193d2030adad4c09566bd2f89bf4f"},
    {file = "pyinstrument-4.6.2-cp37-cp37m-win32.whl", hash = "sha256:08fdc7f88c989316fa47805234c37a40fafe7b614afd8ae863f0afa9d1707b37"},
    {file = "pyinstrument-4.6.2-cp37-cp37m-win_amd64.whl", hash = "sha256:5ebeba952c0056dcc9b9355328c78c4b5c2a33b4b4276a9157a3ab589f3d1bac"},
    {file = "pyinstrument-4.6.2-cp38-cp38-macosx_10_9_universal2.whl", hash = "sha256:34e59e91c88ec9ad5630c0964eca823949005e97736bfa838beb4789e94912a2"},
    {file = "pyinstrument-4.6.2-cp38-cp38-macosx_10_9_x86_64.whl", hash = "sha256:cd0320c39e99e3c0a3129d1ed010ac41e5a7eb96fb79900d270080a97962e995"},
    {file = "pyinstrument-4.6.2-cp38-cp38-manylinux_2_17_aarch64.manylinux2014_aarch64.whl", hash = "sha256:46992e855d630575ec635eeca0068a8ddf423d4fd32ea0875a94e9f8688f0b95"},
    {file = "pyinstrument-4.6.2-cp38-cp38-manylinux_2_5_i686.manylinux1_i686.manylinux_2_17_i686.manylinux2014_i686.whl", hash = "sha256:1e474c56da636253dfdca7cd1998b240d6b39f7ed34777362db69224fcf053b1"},
    {file = "pyinstrument-4.6.2-cp38-cp38-manylinux_2_5_x86_64.manylinux1_x86_64.manylinux_2_17_x86_64.manylinux2014_x86_64.whl", hash = "sha256:d4b559322f30509ad8f082561792352d0805b3edfa508e492a36041fdc009259"},
    {file = "pyinstrument-4.6.2-cp38-cp38-musllinux_1_1_aarch64.whl", hash = "sha256:06a8578b2943eb1dbbf281e1e59e44246acfefd79e1b06d4950f01b693de12af"},
    {file = "pyinstrument-4.6.2-cp38-cp38-musllinux_1_1_i686.whl", hash = "sha256:7bd3da31c46f1c1cb7ae89031725f6a1d1015c2041d9c753fe23980f5f9fd86c"},
    {file = "pyinstrument-4.6.2-cp38-cp38-musllinux_1_1_x86_64.whl", hash = "sha256:e63f4916001aa9c625976a50779282e0a5b5e9b17c52a50ef4c651e468ed5b88"},
    {file = "pyinstrument-4.6.2-cp38-cp38-win32.whl", hash = "sha256:32ec8db6896b94af790a530e1e0edad4d0f941a0ab8dd9073e5993e7ea46af7d"},
    {file = "pyinstrument-4.6.2-cp38-cp38-win_amd64.whl", hash = "sha256:a59fc4f7db738a094823afe6422509fa5816a7bf74e768ce5a7a2ddd91af40ac"},
    {file = "pyinstrument-4.6.2-cp39-cp39-macosx_10_9_universal2.whl", hash = "sha256:3a165e0d2deb212d4cf439383982a831682009e1b08733c568cac88c89784e62"},
    {file = "pyinstrument-4.6.2-cp39-cp39-macosx_10_9_x86_64.whl", hash = "sha256:7ba858b3d6f6e5597c641edcc0e7e464f85aba86d71bc3b3592cb89897bf43f6"},
    {file = "pyinstrument-4.6.2-cp39-cp39-manylinux_2_17_aarch64.manylinux2014_aarch64.whl", hash = "sha256:2fd8e547cf3df5f0ec6e4dffbe2e857f6b28eda51b71c3c0b5a2fc0646527835"},
    {file = "pyinstrument-4.6.2-cp39-cp39-manylinux_2_5_i686.manylinux1_i686.manylinux_2_17_i686.manylinux2014_i686.whl", hash = "sha256:0de2c1714a37a820033b19cf134ead43299a02662f1379140974a9ab733c5f3a"},
    {file = "pyinstrument-4.6.2-cp39-cp39-manylinux_2_5_x86_64.manylinux1_x86_64.manylinux_2_17_x86_64.manylinux2014_x86_64.whl", hash = "sha256:01fc45dedceec3df81668d702bca6d400d956c8b8494abc206638c167c78dfd9"},
    {file = "pyinstrument-4.6.2-cp39-cp39-musllinux_1_1_aarch64.whl", hash = "sha256:5b6e161ef268d43ee6bbfae7fd2cdd0a52c099ddd21001c126ca1805dc906539"},
    {file = "pyinstrument-4.6.2-cp39-cp39-musllinux_1_1_i686.whl", hash = "sha256:6ba8e368d0421f15ba6366dfd60ec131c1b46505d021477e0f865d26cf35a605"},
    {file = "pyinstrument-4.6.2-cp39-cp39-musllinux_1_1_x86_64.whl", hash = "sha256:edca46f04a573ac2fb11a84b937844e6a109f38f80f4b422222fb5be8ecad8cb"},
    {file = "pyinstrument-4.6.2-cp39-cp39-win32.whl", hash = "sha256:baf375953b02fe94d00e716f060e60211ede73f49512b96687335f7071adb153"},
    {file = "pyinstrument-4.6.2-cp39-cp39-win_amd64.whl", hash = "sha256:af1a953bce9fd530040895d01ff3de485e25e1576dccb014f76ba9131376fcad"},
    {file = "pyinstrument-4.6.2.tar.gz", hash = "sha256:0002ee517ed8502bbda6eb2bb1ba8f95a55492fcdf03811ba13d4806e50dd7f6"},
]

[package.extras]
bin = ["click", "nox"]
docs = ["furo (==2021.6.18b36)", "myst-parser (==0.15.1)", "sphinx (==4.2.0)", "sphinxcontrib-programoutput (==0.17)"]
examples = ["django", "numpy"]
test = ["flaky", "greenlet (>=3.0.0a1)", "ipython", "pytest", "pytest-asyncio (==0.12.0)", "sphinx-autobuild (==2021.3.14)", "trio"]
types = ["typing-extensions"]

[[package]]
name = "pymupdf"
version = "1.24.9"
description = "A high performance Python library for data extraction, analysis, conversion & manipulation of PDF (and other) documents."
optional = false
python-versions = ">=3.8"
files = [
    {file = "PyMuPDF-1.24.9-cp310-none-macosx_10_9_x86_64.whl", hash = "sha256:da5d9699472bfd1de52975de3eb7efaf5190ac5801b9fc6bcccde603afbe6937"},
    {file = "PyMuPDF-1.24.9-cp310-none-macosx_11_0_arm64.whl", hash = "sha256:3d1133983c7ac388a35bbab8dfc4c26a874c05edc47d2038961add2efa4639a8"},
    {file = "PyMuPDF-1.24.9-cp310-none-manylinux2014_x86_64.whl", hash = "sha256:5199567353d1543e6c21c626148f8ac9ebb14ce553f2c434fcb9b00e195e1e52"},
    {file = "PyMuPDF-1.24.9-cp310-none-musllinux_1_2_x86_64.whl", hash = "sha256:c97f0b2fb201c9d9bc0f15a901641174e8896a9ae9fbe0d5bb1a6f2315cc3ced"},
    {file = "PyMuPDF-1.24.9-cp310-none-win32.whl", hash = "sha256:00499b864a56a2168254dce3d0f12048b96e9b3bdd43fecace18a1572342c8d4"},
    {file = "PyMuPDF-1.24.9-cp310-none-win_amd64.whl", hash = "sha256:f074e501e883428e7d5480f732ea6a6bd17146f10ebefb9b84957fd32b79f0d4"},
    {file = "PyMuPDF-1.24.9-cp311-none-macosx_10_9_x86_64.whl", hash = "sha256:caf43ce86790f95049a5849f2802b5c412b865cd368ece89a39a54fc84aa45cd"},
    {file = "PyMuPDF-1.24.9-cp311-none-macosx_11_0_arm64.whl", hash = "sha256:13d06161176e1d4e337f5b5e053b628e4531bab5effb269a83dc38d4deb8e659"},
    {file = "PyMuPDF-1.24.9-cp311-none-manylinux2014_x86_64.whl", hash = "sha256:042ad205c7ef615d9fbab7078f6fa8d14f020ed2dfe3a79d803b6171318565b5"},
    {file = "PyMuPDF-1.24.9-cp311-none-musllinux_1_2_x86_64.whl", hash = "sha256:b4495833bb0300fc885491928f2cbdf96afb569205dcc256bb4c43e3d1fde7cb"},
    {file = "PyMuPDF-1.24.9-cp311-none-win32.whl", hash = "sha256:e53370f3679a7b013c2abb801bb566882dab1fb59646d4b0a717ee0d350c5ab1"},
    {file = "PyMuPDF-1.24.9-cp311-none-win_amd64.whl", hash = "sha256:454932e9c7b9cd3057ee83dfe805f551a1382b9e216e87a32eb44c6d6843f966"},
    {file = "PyMuPDF-1.24.9-cp312-none-macosx_10_9_x86_64.whl", hash = "sha256:93cc4908259f133c9dc88f5e77329c4b2dbc03fca83126b1efffedb67ade0fb9"},
    {file = "PyMuPDF-1.24.9-cp312-none-macosx_11_0_arm64.whl", hash = "sha256:84e1516d4b3e40711b9a6dbaedd30e0a89d6a054ca408a56114ceb5a1461f0d1"},
    {file = "PyMuPDF-1.24.9-cp312-none-manylinux2014_x86_64.whl", hash = "sha256:de8b330900c194efeedeb97adab25520479d101fc9aed50d7323dde08698ae24"},
    {file = "PyMuPDF-1.24.9-cp312-none-musllinux_1_2_x86_64.whl", hash = "sha256:41c92d69993e7614730205b75d7999b21ca0f929d31b2bb86a4b58d3b1b0451a"},
    {file = "PyMuPDF-1.24.9-cp312-none-win32.whl", hash = "sha256:a04af6f3f5f35cb62bc7b3c2e9cfff510aa56c39c53355ecfff40b7cb9773fef"},
    {file = "PyMuPDF-1.24.9-cp312-none-win_amd64.whl", hash = "sha256:e2828a79415ae3dd90c629697ace51db7f1e81f426fc2fc034c2151dbe58be6e"},
    {file = "PyMuPDF-1.24.9-cp38-none-macosx_10_9_x86_64.whl", hash = "sha256:241913d0c76aacb05acdd8a0e82b1105883ffe6ef3bb4d9742b41d3c5e84d2db"},
    {file = "PyMuPDF-1.24.9-cp38-none-macosx_11_0_arm64.whl", hash = "sha256:ff70e26625b6cdd036e2c63b5d6c1897949c0e8b205cd756276f27baadaad340"},
    {file = "PyMuPDF-1.24.9-cp38-none-manylinux2014_aarch64.whl", hash = "sha256:8e29bc817afad511072371f24624c7c3b7485a9e656b6a65dc58fecdf5043b08"},
    {file = "PyMuPDF-1.24.9-cp38-none-manylinux2014_x86_64.whl", hash = "sha256:d17ec6920f91c43b6e777a017f3aaf44b205a3216771db9e8aa46e78a703f8f6"},
    {file = "PyMuPDF-1.24.9-cp38-none-musllinux_1_2_x86_64.whl", hash = "sha256:5cec9d17fdcbd83fa2c90190c22f652a0a51275cf75a29068eea025fff076829"},
    {file = "PyMuPDF-1.24.9-cp38-none-win32.whl", hash = "sha256:4f7b19f5c0026db49b7be17901728ed15761c5aa2031f04b01f9eb2e54f1b50e"},
    {file = "PyMuPDF-1.24.9-cp38-none-win_amd64.whl", hash = "sha256:e4c867f1cde68ff0e9c7889ea27c4c2c67df80e776f82619888bb69d1e1b27cf"},
    {file = "PyMuPDF-1.24.9-cp39-none-macosx_10_9_x86_64.whl", hash = "sha256:b4f85c24050e3778be6c7c1f4d4965fd4385281264798df7b4301b78895053fd"},
    {file = "PyMuPDF-1.24.9-cp39-none-macosx_11_0_arm64.whl", hash = "sha256:4e807010ef4e63cfb70dd88fe1fcd1d7e2b4e62ffa2b1dc53b35bc18bf939d8e"},
    {file = "PyMuPDF-1.24.9-cp39-none-manylinux2014_aarch64.whl", hash = "sha256:5dac888cc16981e385c886c26de6aabf914059215e028d14cd67767ff0c1288c"},
    {file = "PyMuPDF-1.24.9-cp39-none-manylinux2014_x86_64.whl", hash = "sha256:de55817c02e06ff75233ce2487cc5ebcbf585acd694bb69500825ee37789ac79"},
    {file = "PyMuPDF-1.24.9-cp39-none-musllinux_1_2_x86_64.whl", hash = "sha256:49cb22196f11c2327f6345554db48cfb2e31ed4f073ca6a872f21ddc4b0619c1"},
    {file = "PyMuPDF-1.24.9-cp39-none-win32.whl", hash = "sha256:46b1f84816c666e1c82f4249c1e815e92c462633255d72da20751eaad125d0f0"},
    {file = "PyMuPDF-1.24.9-cp39-none-win_amd64.whl", hash = "sha256:4fa45474d63715c707e3c3a6ebeeee75fd7aaa180512b75863e437f6876dfa86"},
    {file = "PyMuPDF-1.24.9.tar.gz", hash = "sha256:3692a5e824f10dc09bbddabab207f7cd5979831e48dd2f4de1be21e441767473"},
]

[package.dependencies]
PyMuPDFb = "1.24.9"

[[package]]
name = "pymupdfb"
version = "1.24.9"
description = "MuPDF shared libraries for PyMuPDF."
optional = false
python-versions = ">=3.8"
files = [
    {file = "PyMuPDFb-1.24.9-py3-none-macosx_10_9_x86_64.whl", hash = "sha256:3c9e694b1fb1bde37a8d3c953fbd0916e7dee8a4650142547d4f832105b17689"},
    {file = "PyMuPDFb-1.24.9-py3-none-macosx_11_0_arm64.whl", hash = "sha256:3fd74ee7969712ab457495465da0a61aab44d8cf9b71b9ef51910a8c6a90ad57"},
    {file = "PyMuPDFb-1.24.9-py3-none-manylinux2014_x86_64.manylinux_2_17_x86_64.whl", hash = "sha256:198f6b3713b6f980fa96c1099be0d5459c7d43c593299948f0ba528577e6bf46"},
    {file = "PyMuPDFb-1.24.9-py3-none-musllinux_1_2_x86_64.whl", hash = "sha256:ae044ebc8299f5a3ba822a6dfe97285dffd6c66cba194bc39180aa189a2755c9"},
    {file = "PyMuPDFb-1.24.9-py3-none-win32.whl", hash = "sha256:20ea17fd5799dcf7813ec099c0ce303f763e6e4ba8d0f54d5f84e4df90c3a340"},
    {file = "PyMuPDFb-1.24.9-py3-none-win_amd64.whl", hash = "sha256:c6b8adc0b9c91ff0f657440a816ad2130429a808cd53ff273f3e72532e526bdc"},
    {file = "PyMuPDFb-1.24.9.tar.gz", hash = "sha256:5505f07b3dded6e791ab7d10d01f0687e913fc75edd23fdf2825a582b6651558"},
]

[[package]]
name = "pytest"
version = "8.3.2"
description = "pytest: simple powerful testing with Python"
optional = false
python-versions = ">=3.8"
files = [
    {file = "pytest-8.3.2-py3-none-any.whl", hash = "sha256:4ba08f9ae7dcf84ded419494d229b48d0903ea6407b030eaec46df5e6a73bba5"},
    {file = "pytest-8.3.2.tar.gz", hash = "sha256:c132345d12ce551242c87269de812483f5bcc87cdbb4722e48487ba194f9fdce"},
]

[package.dependencies]
colorama = {version = "*", markers = "sys_platform == \"win32\""}
exceptiongroup = {version = ">=1.0.0rc8", markers = "python_version < \"3.11\""}
iniconfig = "*"
packaging = "*"
pluggy = ">=1.5,<2"
tomli = {version = ">=1", markers = "python_version < \"3.11\""}

[package.extras]
dev = ["argcomplete", "attrs (>=19.2)", "hypothesis (>=3.56)", "mock", "pygments (>=2.7.2)", "requests", "setuptools", "xmlschema"]

[[package]]
name = "pytest-asyncio"
version = "0.23.8"
description = "Pytest support for asyncio"
optional = false
python-versions = ">=3.8"
files = [
    {file = "pytest_asyncio-0.23.8-py3-none-any.whl", hash = "sha256:50265d892689a5faefb84df80819d1ecef566eb3549cf915dfb33569359d1ce2"},
    {file = "pytest_asyncio-0.23.8.tar.gz", hash = "sha256:759b10b33a6dc61cce40a8bd5205e302978bbbcc00e279a8b61d9a6a3c82e4d3"},
]

[package.dependencies]
pytest = ">=7.0.0,<9"

[package.extras]
docs = ["sphinx (>=5.3)", "sphinx-rtd-theme (>=1.0)"]
testing = ["coverage (>=6.2)", "hypothesis (>=5.7.1)"]

[[package]]
name = "ruff"
version = "0.4.10"
description = "An extremely fast Python linter and code formatter, written in Rust."
optional = false
python-versions = ">=3.7"
files = [
    {file = "ruff-0.4.10-py3-none-macosx_10_12_x86_64.whl", hash = "sha256:5c2c4d0859305ac5a16310eec40e4e9a9dec5dcdfbe92697acd99624e8638dac"},
    {file = "ruff-0.4.10-py3-none-macosx_11_0_arm64.whl", hash = "sha256:a79489607d1495685cdd911a323a35871abfb7a95d4f98fc6f85e799227ac46e"},
    {file = "ruff-0.4.10-py3-none-manylinux_2_17_aarch64.manylinux2014_aarch64.whl", hash = "sha256:b1dd1681dfa90a41b8376a61af05cc4dc5ff32c8f14f5fe20dba9ff5deb80cd6"},
    {file = "ruff-0.4.10-py3-none-manylinux_2_17_armv7l.manylinux2014_armv7l.whl", hash = "sha256:c75c53bb79d71310dc79fb69eb4902fba804a81f374bc86a9b117a8d077a1784"},
    {file = "ruff-0.4.10-py3-none-manylinux_2_17_i686.manylinux2014_i686.whl", hash = "sha256:18238c80ee3d9100d3535d8eb15a59c4a0753b45cc55f8bf38f38d6a597b9739"},
    {file = "ruff-0.4.10-py3-none-manylinux_2_17_ppc64.manylinux2014_ppc64.whl", hash = "sha256:d8f71885bce242da344989cae08e263de29752f094233f932d4f5cfb4ef36a81"},
    {file = "ruff-0.4.10-py3-none-manylinux_2_17_ppc64le.manylinux2014_ppc64le.whl", hash = "sha256:330421543bd3222cdfec481e8ff3460e8702ed1e58b494cf9d9e4bf90db52b9d"},
    {file = "ruff-0.4.10-py3-none-manylinux_2_17_s390x.manylinux2014_s390x.whl", hash = "sha256:9e9b6fb3a37b772628415b00c4fc892f97954275394ed611056a4b8a2631365e"},
    {file = "ruff-0.4.10-py3-none-manylinux_2_17_x86_64.manylinux2014_x86_64.whl", hash = "sha256:0f54c481b39a762d48f64d97351048e842861c6662d63ec599f67d515cb417f6"},
    {file = "ruff-0.4.10-py3-none-musllinux_1_2_aarch64.whl", hash = "sha256:67fe086b433b965c22de0b4259ddfe6fa541c95bf418499bedb9ad5fb8d1c631"},
    {file = "ruff-0.4.10-py3-none-musllinux_1_2_armv7l.whl", hash = "sha256:acfaaab59543382085f9eb51f8e87bac26bf96b164839955f244d07125a982ef"},
    {file = "ruff-0.4.10-py3-none-musllinux_1_2_i686.whl", hash = "sha256:3cea07079962b2941244191569cf3a05541477286f5cafea638cd3aa94b56815"},
    {file = "ruff-0.4.10-py3-none-musllinux_1_2_x86_64.whl", hash = "sha256:338a64ef0748f8c3a80d7f05785930f7965d71ca260904a9321d13be24b79695"},
    {file = "ruff-0.4.10-py3-none-win32.whl", hash = "sha256:ffe3cd2f89cb54561c62e5fa20e8f182c0a444934bf430515a4b422f1ab7b7ca"},
    {file = "ruff-0.4.10-py3-none-win_amd64.whl", hash = "sha256:67f67cef43c55ffc8cc59e8e0b97e9e60b4837c8f21e8ab5ffd5d66e196e25f7"},
    {file = "ruff-0.4.10-py3-none-win_arm64.whl", hash = "sha256:dd1fcee327c20addac7916ca4e2653fbbf2e8388d8a6477ce5b4e986b68ae6c0"},
    {file = "ruff-0.4.10.tar.gz", hash = "sha256:3aa4f2bc388a30d346c56524f7cacca85945ba124945fe489952aadb6b5cd804"},
]

[[package]]
name = "sniffio"
version = "1.3.1"
description = "Sniff out which async library your code is running under"
optional = false
python-versions = ">=3.7"
files = [
    {file = "sniffio-1.3.1-py3-none-any.whl", hash = "sha256:2f6da418d1f1e0fddd844478f41680e794e6051915791a034ff65e5f100525a2"},
    {file = "sniffio-1.3.1.tar.gz", hash = "sha256:f4324edc670a0f49750a81b895f35c3adb843cca46f0530f79fc1babb23789dc"},
]

[[package]]
name = "tomli"
version = "2.0.1"
description = "A lil' TOML parser"
optional = false
python-versions = ">=3.7"
files = [
    {file = "tomli-2.0.1-py3-none-any.whl", hash = "sha256:939de3e7a6161af0c887ef91b7d41a53e7c5a1ca976325f429cb46ea9bc30ecc"},
    {file = "tomli-2.0.1.tar.gz", hash = "sha256:de526c12914f0c550d15924c62d72abc48d6fe7364aa87328337a31007fe8a4f"},
]

[[package]]
name = "typing-extensions"
version = "4.12.2"
description = "Backported and Experimental Type Hints for Python 3.8+"
optional = false
python-versions = ">=3.8"
files = [
    {file = "typing_extensions-4.12.2-py3-none-any.whl", hash = "sha256:04e5ca0351e0f3f85c6853954072df659d0d13fac324d0072316b67d7794700d"},
    {file = "typing_extensions-4.12.2.tar.gz", hash = "sha256:1a7ead55c7e559dd4dee8856e3a88b41225abfe1ce8df57b7c13915fe121ffb8"},
]

[metadata]
lock-version = "2.0"
python-versions = "^3.10"
content-hash = "cd2c5377b73f3f26c3bdbeab757e3cad1ccb316e85ccdc13e0f06df82e8ca12c"
